
Microsoft Visual Studio Solution File, Format Version 12.00
# Visual Studio Version 16
VisualStudioVersion = 16.0.31112.23
MinimumVisualStudioVersion = 10.0.40219.1
Project("{888888A0-9F3D-457C-B088-3A5042F75D52}") = "SoccerDiscordBot", "SoccerDiscordBot\SoccerDiscordBot.pyproj", "{BFF0CD0A-B10A-4739-B727-CD0B54F16797}"
EndProject
Global
	GlobalSection(SolutionConfigurationPlatforms) = preSolution
		Debug|Any CPU = Debug|Any CPU
		Release|Any CPU = Release|Any CPU
	EndGlobalSection
	GlobalSection(ProjectConfigurationPlatforms) = postSolution
		{BFF0CD0A-B10A-4739-B727-CD0B54F16797}.Debug|Any CPU.ActiveCfg = Debug|Any CPU
		{BFF0CD0A-B10A-4739-B727-CD0B54F16797}.Release|Any CPU.ActiveCfg = Release|Any CPU
	EndGlobalSection
	GlobalSection(SolutionProperties) = preSolution
		HideSolutionNode = FALSE
	EndGlobalSection
	GlobalSection(ExtensibilityGlobals) = postSolution
		SolutionGuid = {4A3CAB39-CBEC-4E17-882D-6764376FD4B2}
	EndGlobalSection
EndGlobal
